
Microsoft Visual Studio Solution File, Format Version 12.00
# Visual Studio 15
VisualStudioVersion = 15.0.27130.2010
MinimumVisualStudioVersion = 10.0.40219.1
Project("{FAE04EC0-301F-11D3-BF4B-00C04F79EFBC}") = "DigitalWorkplace.Service", "DigitalWorkplace.Service\DigitalWorkplace.Service.csproj", "{66FC3569-3164-4A3C-BD25-AEDF87B722DF}"
EndProject
Project("{FAE04EC0-301F-11D3-BF4B-00C04F79EFBC}") = "DigitalWorkplace.Service.Common", "DigitalWorkplace.Service.Common\DigitalWorkplace.Service.Common.csproj", "{D7721E6C-DF57-4BC5-800E-A08B2E43A6F3}"
EndProject
Project("{2150E333-8FDC-42A3-9474-1A3956D46DE8}") = "Modules", "Modules", "{F449E47E-0F0C-445F-9D23-4746740E8835}"
EndProject
Project("{FAE04EC0-301F-11D3-BF4B-00C04F79EFBC}") = "WCFTestModule", "WCFTestModule\WCFTestModule.csproj", "{DC3AFAF9-AD4F-466E-AEAC-F27B2549640A}"
EndProject
Project("{2150E333-8FDC-42A3-9474-1A3956D46DE8}") = "Externals", "Externals", "{BC972AEF-40FB-430F-A99D-13D3730B405F}"
EndProject
Project("{FAE04EC0-301F-11D3-BF4B-00C04F79EFBC}") = "Williablog.Core", "Williablog.Core\Williablog.Core.csproj", "{5DA9DFF1-491B-4477-9609-6A80F206A2C8}"
EndProject
Global
	GlobalSection(SolutionConfigurationPlatforms) = preSolution
		Debug|Any CPU = Debug|Any CPU
		Release|Any CPU = Release|Any CPU
	EndGlobalSection
	GlobalSection(ProjectConfigurationPlatforms) = postSolution
		{66FC3569-3164-4A3C-BD25-AEDF87B722DF}.Debug|Any CPU.ActiveCfg = Debug|Any CPU
		{66FC3569-3164-4A3C-BD25-AEDF87B722DF}.Debug|Any CPU.Build.0 = Debug|Any CPU
		{66FC3569-3164-4A3C-BD25-AEDF87B722DF}.Release|Any CPU.ActiveCfg = Release|Any CPU
		{66FC3569-3164-4A3C-BD25-AEDF87B722DF}.Release|Any CPU.Build.0 = Release|Any CPU
		{D7721E6C-DF57-4BC5-800E-A08B2E43A6F3}.Debug|Any CPU.ActiveCfg = Debug|Any CPU
		{D7721E6C-DF57-4BC5-800E-A08B2E43A6F3}.Debug|Any CPU.Build.0 = Debug|Any CPU
		{D7721E6C-DF57-4BC5-800E-A08B2E43A6F3}.Release|Any CPU.ActiveCfg = Release|Any CPU
		{D7721E6C-DF57-4BC5-800E-A08B2E43A6F3}.Release|Any CPU.Build.0 = Release|Any CPU
		{DC3AFAF9-AD4F-466E-AEAC-F27B2549640A}.Debug|Any CPU.ActiveCfg = Debug|Any CPU
		{DC3AFAF9-AD4F-466E-AEAC-F27B2549640A}.Debug|Any CPU.Build.0 = Debug|Any CPU
		{DC3AFAF9-AD4F-466E-AEAC-F27B2549640A}.Release|Any CPU.ActiveCfg = Release|Any CPU
		{DC3AFAF9-AD4F-466E-AEAC-F27B2549640A}.Release|Any CPU.Build.0 = Release|Any CPU
		{5DA9DFF1-491B-4477-9609-6A80F206A2C8}.Debug|Any CPU.ActiveCfg = Debug|Any CPU
		{5DA9DFF1-491B-4477-9609-6A80F206A2C8}.Debug|Any CPU.Build.0 = Debug|Any CPU
		{5DA9DFF1-491B-4477-9609-6A80F206A2C8}.Release|Any CPU.ActiveCfg = Release|Any CPU
		{5DA9DFF1-491B-4477-9609-6A80F206A2C8}.Release|Any CPU.Build.0 = Release|Any CPU
	EndGlobalSection
	GlobalSection(SolutionProperties) = preSolution
		HideSolutionNode = FALSE
	EndGlobalSection
	GlobalSection(NestedProjects) = preSolution
		{DC3AFAF9-AD4F-466E-AEAC-F27B2549640A} = {F449E47E-0F0C-445F-9D23-4746740E8835}
		{5DA9DFF1-491B-4477-9609-6A80F206A2C8} = {BC972AEF-40FB-430F-A99D-13D3730B405F}
	EndGlobalSection
	GlobalSection(ExtensibilityGlobals) = postSolution
		SolutionGuid = {52653275-2BB2-41B6-A09A-C5265071BECF}
	EndGlobalSection
EndGlobal
